
Microsoft Visual Studio Solution File, Format Version 12.00
# Visual Studio 14
VisualStudioVersion = 14.0.24720.0
MinimumVisualStudioVersion = 10.0.40219.1
Project("{8BB2217D-0F2D-49D1-97BC-3654ED321F3B}") = "HelloASPNET", "HelloASPNET\HelloASPNET.xproj", "{203C5CE4-7644-41D0-B7ED-60684BCBEB1B}"
EndProject
Global
	GlobalSection(SolutionConfigurationPlatforms) = preSolution
		Debug|Any CPU = Debug|Any CPU
		Release|Any CPU = Release|Any CPU
	EndGlobalSection
	GlobalSection(ProjectConfigurationPlatforms) = postSolution
		{203C5CE4-7644-41D0-B7ED-60684BCBEB1B}.Debug|Any CPU.ActiveCfg = Debug|Any CPU
		{203C5CE4-7644-41D0-B7ED-60684BCBEB1B}.Debug|Any CPU.Build.0 = Debug|Any CPU
		{203C5CE4-7644-41D0-B7ED-60684BCBEB1B}.Release|Any CPU.ActiveCfg = Release|Any CPU
		{203C5CE4-7644-41D0-B7ED-60684BCBEB1B}.Release|Any CPU.Build.0 = Release|Any CPU
	EndGlobalSection
	GlobalSection(SolutionProperties) = preSolution
		HideSolutionNode = FALSE
	EndGlobalSection
EndGlobal
