
Microsoft Visual Studio Solution File, Format Version 12.00
# Visual Studio 14
VisualStudioVersion = 14.0.24720.0
MinimumVisualStudioVersion = 10.0.40219.1
Project("{2150E333-8FDC-42A3-9474-1A3956D46DE8}") = "src", "src", "{526DE161-12EA-4DAF-8EF0-7E40815EB8F1}"
EndProject
Project("{2150E333-8FDC-42A3-9474-1A3956D46DE8}") = "Solution Items", "Solution Items", "{C745DD5F-B1B5-4B45-B42D-93C7AF477B28}"
	ProjectSection(SolutionItems) = preProject
		global.json = global.json
	EndProjectSection
EndProject
Project("{8BB2217D-0F2D-49D1-97BC-3654ED321F3B}") = "FunWithASPNET", "src\FunWithASPNET\FunWithASPNET.xproj", "{C74D6816-2693-4D2D-BAA9-0CC5AAD9A99B}"
EndProject
Global
	GlobalSection(SolutionConfigurationPlatforms) = preSolution
		Debug|Any CPU = Debug|Any CPU
		Release|Any CPU = Release|Any CPU
	EndGlobalSection
	GlobalSection(ProjectConfigurationPlatforms) = postSolution
		{C74D6816-2693-4D2D-BAA9-0CC5AAD9A99B}.Debug|Any CPU.ActiveCfg = Debug|Any CPU
		{C74D6816-2693-4D2D-BAA9-0CC5AAD9A99B}.Debug|Any CPU.Build.0 = Debug|Any CPU
		{C74D6816-2693-4D2D-BAA9-0CC5AAD9A99B}.Release|Any CPU.ActiveCfg = Release|Any CPU
		{C74D6816-2693-4D2D-BAA9-0CC5AAD9A99B}.Release|Any CPU.Build.0 = Release|Any CPU
	EndGlobalSection
	GlobalSection(SolutionProperties) = preSolution
		HideSolutionNode = FALSE
	EndGlobalSection
	GlobalSection(NestedProjects) = preSolution
		{C74D6816-2693-4D2D-BAA9-0CC5AAD9A99B} = {526DE161-12EA-4DAF-8EF0-7E40815EB8F1}
	EndGlobalSection
EndGlobal
